
Microsoft Visual Studio Solution File, Format Version 12.00
# Visual Studio Version 17
VisualStudioVersion = 17.9.34723.18
MinimumVisualStudioVersion = 10.0.40219.1
Project("{9A19103F-16F7-4668-BE54-9A1E7A4F7556}") = "examen_parcial3", "examen_parcial3.csproj", "{119633C5-88AB-430A-B711-CC9930C47B9C}"
EndProject
Global
	GlobalSection(SolutionConfigurationPlatforms) = preSolution
		Debug|Any CPU = Debug|Any CPU
		Release|Any CPU = Release|Any CPU
	EndGlobalSection
	GlobalSection(ProjectConfigurationPlatforms) = postSolution
		{119633C5-88AB-430A-B711-CC9930C47B9C}.Debug|Any CPU.ActiveCfg = Debug|Any CPU
		{119633C5-88AB-430A-B711-CC9930C47B9C}.Debug|Any CPU.Build.0 = Debug|Any CPU
		{119633C5-88AB-430A-B711-CC9930C47B9C}.Release|Any CPU.ActiveCfg = Release|Any CPU
		{119633C5-88AB-430A-B711-CC9930C47B9C}.Release|Any CPU.Build.0 = Release|Any CPU
		{B15DA4AA-003D-4245-908F-04ED1FD71394}.Debug|Any CPU.ActiveCfg = Debug|Any CPU
		{B15DA4AA-003D-4245-908F-04ED1FD71394}.Debug|Any CPU.Build.0 = Debug|Any CPU
		{B15DA4AA-003D-4245-908F-04ED1FD71394}.Release|Any CPU.ActiveCfg = Release|Any CPU
		{B15DA4AA-003D-4245-908F-04ED1FD71394}.Release|Any CPU.Build.0 = Release|Any CPU
		{C7181DF3-FDED-4595-960E-19BBE7BDC60D}.Debug|Any CPU.ActiveCfg = Debug|Any CPU
		{C7181DF3-FDED-4595-960E-19BBE7BDC60D}.Debug|Any CPU.Build.0 = Debug|Any CPU
		{C7181DF3-FDED-4595-960E-19BBE7BDC60D}.Release|Any CPU.ActiveCfg = Release|Any CPU
		{C7181DF3-FDED-4595-960E-19BBE7BDC60D}.Release|Any CPU.Build.0 = Release|Any CPU
	EndGlobalSection
	GlobalSection(SolutionProperties) = preSolution
		HideSolutionNode = FALSE
	EndGlobalSection
	GlobalSection(ExtensibilityGlobals) = postSolution
		SolutionGuid = {6A59B013-A8A5-4EFA-9A1A-B7A706D31921}
	EndGlobalSection
EndGlobal
